// !$*UTF8*$!
{
	archiveVersion = 1;
	classes = {
	};
	objectVersion = 50;
	objects = {

/* Begin PBXBuildFile section */
		817DADBE27CD818F002064E7 /* AppDelegate.swift in Sources */ = {isa = PBXBuildFile; fileRef = 817DADBD27CD818F002064E7 /* AppDelegate.swift */; };
		817DADC027CD818F002064E7 /* SceneDelegate.swift in Sources */ = {isa = PBXBuildFile; fileRef = 817DADBF27CD818F002064E7 /* SceneDelegate.swift */; };
		817DADC527CD818F002064E7 /* Main.storyboard in Resources */ = {isa = PBXBuildFile; fileRef = 817DADC327CD818F002064E7 /* Main.storyboard */; };
		817DADC727CD8190002064E7 /* Assets.xcassets in Resources */ = {isa = PBXBuildFile; fileRef = 817DADC627CD8190002064E7 /* Assets.xcassets */; };
		817DADCA27CD8190002064E7 /* LaunchScreen.storyboard in Resources */ = {isa = PBXBuildFile; fileRef = 817DADC827CD8190002064E7 /* LaunchScreen.storyboard */; };
		817DADD227CD81C1002064E7 /* MainTableViewController.swift in Sources */ = {isa = PBXBuildFile; fileRef = 817DADD127CD81C1002064E7 /* MainTableViewController.swift */; };
		817DADD427CD8243002064E7 /* dataModel.swift in Sources */ = {isa = PBXBuildFile; fileRef = 817DADD327CD8243002064E7 /* dataModel.swift */; };
		817DADD627CD9901002064E7 /* dataLoader.swift in Sources */ = {isa = PBXBuildFile; fileRef = 817DADD527CD9901002064E7 /* dataLoader.swift */; };
/* End PBXBuildFile section */

/* Begin PBXFileReference section */
		817DADBA27CD818F002064E7 /* lab-5.app */ = {isa = PBXFileReference; explicitFileType = wrapper.application; includeInIndex = 0; path = "lab-5.app"; sourceTree = BUILT_PRODUCTS_DIR; };
		817DADBD27CD818F002064E7 /* AppDelegate.swift */ = {isa = PBXFileReference; lastKnownFileType = sourcecode.swift; path = AppDelegate.swift; sourceTree = "<group>"; };
		817DADBF27CD818F002064E7 /* SceneDelegate.swift */ = {isa = PBXFileReference; lastKnownFileType = sourcecode.swift; path = SceneDelegate.swift; sourceTree = "<group>"; };
		817DADC427CD818F002064E7 /* Base */ = {isa = PBXFileReference; lastKnownFileType = file.storyboard; name = Base; path = Base.lproj/Main.storyboard; sourceTree = "<group>"; };
		817DADC627CD8190002064E7 /* Assets.xcassets */ = {isa = PBXFileReference; lastKnownFileType = folder.assetcatalog; path = Assets.xcassets; sourceTree = "<group>"; };
		817DADC927CD8190002064E7 /* Base */ = {isa = PBXFileReference; lastKnownFileType = file.storyboard; name = Base; path = Base.lproj/LaunchScreen.storyboard; sourceTree = "<group>"; };
		817DADCB27CD8190002064E7 /* Info.plist */ = {isa = PBXFileReference; lastKnownFileType = text.plist.xml; path = Info.plist; sourceTree = "<group>"; };
		817DADD127CD81C1002064E7 /* MainTableViewController.swift */ = {isa = PBXFileReference; lastKnownFileType = sourcecode.swift; path = MainTableViewController.swift; sourceTree = "<group>"; };
		817DADD327CD8243002064E7 /* dataModel.swift */ = {isa = PBXFileReference; lastKnownFileType = sourcecode.swift; path = dataModel.swift; sourceTree = "<group>"; };
		817DADD527CD9901002064E7 /* dataLoader.swift */ = {isa = PBXFileReference; lastKnownFileType = sourcecode.swift; path = dataLoader.swift; sourceTree = "<group>"; };
/* End PBXFileReference section */

/* Begin PBXFrameworksBuildPhase section */
		817DADB727CD818F002064E7 /* Frameworks */ = {
			isa = PBXFrameworksBuildPhase;
			buildActionMask = 2147483647;
			files = (
			);
			runOnlyForDeploymentPostprocessing = 0;
		};
/* End PBXFrameworksBuildPhase section */

/* Begin PBXGroup section */
		817DADB127CD818F002064E7 = {
			isa = PBXGroup;
			children = (
				817DADBC27CD818F002064E7 /* lab-5 */,
				817DADBB27CD818F002064E7 /* Products */,
			);
			sourceTree = "<group>";
		};
		817DADBB27CD818F002064E7 /* Products */ = {
			isa = PBXGroup;
			children = (
				817DADBA27CD818F002064E7 /* lab-5.app */,
			);
			name = Products;
			sourceTree = "<group>";
		};
		817DADBC27CD818F002064E7 /* lab-5 */ = {
			isa = PBXGroup;
			children = (
				817DADBD27CD818F002064E7 /* AppDelegate.swift */,
				817DADBF27CD818F002064E7 /* SceneDelegate.swift */,
				817DADC327CD818F002064E7 /* Main.storyboard */,
				817DADD327CD8243002064E7 /* dataModel.swift */,
				817DADD527CD9901002064E7 /* dataLoader.swift */,
				817DADD127CD81C1002064E7 /* MainTableViewController.swift */,
				817DADC627CD8190002064E7 /* Assets.xcassets */,
				817DADC827CD8190002064E7 /* LaunchScreen.storyboard */,
				817DADCB27CD8190002064E7 /* Info.plist */,
			);
			path = "lab-5";
			sourceTree = "<group>";
		};
/* End PBXGroup section */

/* Begin PBXNativeTarget section */
		817DADB927CD818F002064E7 /* lab-5 */ = {
			isa = PBXNativeTarget;
			buildConfigurationList = 817DADCE27CD8190002064E7 /* Build configuration list for PBXNativeTarget "lab-5" */;
			buildPhases = (
				817DADB627CD818F002064E7 /* Sources */,
				817DADB727CD818F002064E7 /* Frameworks */,
				817DADB827CD818F002064E7 /* Resources */,
			);
			buildRules = (
			);
			dependencies = (
			);
			name = "lab-5";
			productName = "lab-5";
			productReference = 817DADBA27CD818F002064E7 /* lab-5.app */;
			productType = "com.apple.product-type.application";
		};
/* End PBXNativeTarget section */

/* Begin PBXProject section */
		817DADB227CD818F002064E7 /* Project object */ = {
			isa = PBXProject;
			attributes = {
				LastSwiftUpdateCheck = 1250;
				LastUpgradeCheck = 1250;
				TargetAttributes = {
					817DADB927CD818F002064E7 = {
						CreatedOnToolsVersion = 12.5.1;
					};
				};
			};
			buildConfigurationList = 817DADB527CD818F002064E7 /* Build configuration list for PBXProject "lab-5" */;
			compatibilityVersion = "Xcode 9.3";
			developmentRegion = en;
			hasScannedForEncodings = 0;
			knownRegions = (
				en,
				Base,
			);
			mainGroup = 817DADB127CD818F002064E7;
			productRefGroup = 817DADBB27CD818F002064E7 /* Products */;
			projectDirPath = "";
			projectRoot = "";
			targets = (
				817DADB927CD818F002064E7 /* lab-5 */,
			);
		};
/* End PBXProject section */

/* Begin PBXResourcesBuildPhase section */
		817DADB827CD818F002064E7 /* Resources */ = {
			isa = PBXResourcesBuildPhase;
			buildActionMask = 2147483647;
			files = (
				817DADCA27CD8190002064E7 /* LaunchScreen.storyboard in Resources */,
				817DADC727CD8190002064E7 /* Assets.xcassets in Resources */,
				817DADC527CD818F002064E7 /* Main.storyboard in Resources */,
			);
			runOnlyForDeploymentPostprocessing = 0;
		};
/* End PBXResourcesBuildPhase section */

/* Begin PBXSourcesBuildPhase section */
		817DADB627CD818F002064E7 /* Sources */ = {
			isa = PBXSourcesBuildPhase;
			buildActionMask = 2147483647;
			files = (
				817DADD627CD9901002064E7 /* dataLoader.swift in Sources */,
				817DADBE27CD818F002064E7 /* AppDelegate.swift in Sources */,
				817DADD427CD8243002064E7 /* dataModel.swift in Sources */,
				817DADD227CD81C1002064E7 /* MainTableViewController.swift in Sources */,
				817DADC027CD818F002064E7 /* SceneDelegate.swift in Sources */,
			);
			runOnlyForDeploymentPostprocessing = 0;
		};
/* End PBXSourcesBuildPhase section */

/* Begin PBXVariantGroup section */
		817DADC327CD818F002064E7 /* Main.storyboard */ = {
			isa = PBXVariantGroup;
			children = (
				817DADC427CD818F002064E7 /* Base */,
			);
			name = Main.storyboard;
			sourceTree = "<group>";
		};
		817DADC827CD8190002064E7 /* LaunchScreen.storyboard */ = {
			isa = PBXVariantGroup;
			children = (
				817DADC927CD8190002064E7 /* Base */,
			);
			name = LaunchScreen.storyboard;
			sourceTree = "<group>";
		};
/* End PBXVariantGroup section */

/* Begin XCBuildConfiguration section */
		817DADCC27CD8190002064E7 /* Debug */ = {
			isa = XCBuildConfiguration;
			buildSettings = {
				ALWAYS_SEARCH_USER_PATHS = NO;
				CLANG_ANALYZER_NONNULL = YES;
				CLANG_ANALYZER_NUMBER_OBJECT_CONVERSION = YES_AGGRESSIVE;
				CLANG_CXX_LANGUAGE_STANDARD = "gnu++14";
				CLANG_CXX_LIBRARY = "libc++";
				CLANG_ENABLE_MODULES = YES;
				CLANG_ENABLE_OBJC_ARC = YES;
				CLANG_ENABLE_OBJC_WEAK = YES;
				CLANG_WARN_BLOCK_CAPTURE_AUTORELEASING = YES;
				CLANG_WARN_BOOL_CONVERSION = YES;
				CLANG_WARN_COMMA = YES;
				CLANG_WARN_CONSTANT_CONVERSION = YES;
				CLANG_WARN_DEPRECATED_OBJC_IMPLEMENTATIONS = YES;
				CLANG_WARN_DIRECT_OBJC_ISA_USAGE = YES_ERROR;
				CLANG_WARN_DOCUMENTATION_COMMENTS = YES;
				CLANG_WARN_EMPTY_BODY = YES;
				CLANG_WARN_ENUM_CONVERSION = YES;
				CLANG_WARN_INFINITE_RECURSION = YES;
				CLANG_WARN_INT_CONVERSION = YES;
				CLANG_WARN_NON_LITERAL_NULL_CONVERSION = YES;
				CLANG_WARN_OBJC_IMPLICIT_RETAIN_SELF = YES;
				CLANG_WARN_OBJC_LITERAL_CONVERSION = YES;
				CLANG_WARN_OBJC_ROOT_CLASS = YES_ERROR;
				CLANG_WARN_QUOTED_INCLUDE_IN_FRAMEWORK_HEADER = YES;
				CLANG_WARN_RANGE_LOOP_ANALYSIS = YES;
				CLANG_WARN_STRICT_PROTOTYPES = YES;
				CLANG_WARN_SUSPICIOUS_MOVE = YES;
				CLANG_WARN_UNGUARDED_AVAILABILITY = YES_AGGRESSIVE;
				CLANG_WARN_UNREACHABLE_CODE = YES;
				CLANG_WARN__DUPLICATE_METHOD_MATCH = YES;
				COPY_PHASE_STRIP = NO;
				DEBUG_INFORMATION_FORMAT = dwarf;
				ENABLE_STRICT_OBJC_MSGSEND = YES;
				ENABLE_TESTABILITY = YES;
				GCC_C_LANGUAGE_STANDARD = gnu11;
				GCC_DYNAMIC_NO_PIC = NO;
				GCC_NO_COMMON_BLOCKS = YES;
				GCC_OPTIMIZATION_LEVEL = 0;
				GCC_PREPROCESSOR_DEFINITIONS = (
					"DEBUG=1",
					"$(inherited)",
				);
				GCC_WARN_64_TO_32_BIT_CONVERSION = YES;
				GCC_WARN_ABOUT_RETURN_TYPE = YES_ERROR;
				GCC_WARN_UNDECLARED_SELECTOR = YES;
				GCC_WARN_UNINITIALIZED_AUTOS = YES_AGGRESSIVE;
				GCC_WARN_UNUSED_FUNCTION = YES;
				GCC_WARN_UNUSED_VARIABLE = YES;
				IPHONEOS_DEPLOYMENT_TARGET = 14.5;
				MTL_ENABLE_DEBUG_INFO = INCLUDE_SOURCE;
				MTL_FAST_MATH = YES;
				ONLY_ACTIVE_ARCH = YES;
				SDKROOT = iphoneos;
				SWIFT_ACTIVE_COMPILATION_CONDITIONS = DEBUG;
				SWIFT_OPTIMIZATION_LEVEL = "-Onone";
			};
			name = Debug;
		};
		817DADCD27CD8190002064E7 /* Release */ = {
			isa = XCBuildConfiguration;
			buildSettings = {
				ALWAYS_SEARCH_USER_PATHS = NO;
				CLANG_ANALYZER_NONNULL = YES;
				CLANG_ANALYZER_NUMBER_OBJECT_CONVERSION = YES_AGGRESSIVE;
				CLANG_CXX_LANGUAGE_STANDARD = "gnu++14";
				CLANG_CXX_LIBRARY = "libc++";
				CLANG_ENABLE_MODULES = YES;
				CLANG_ENABLE_OBJC_ARC = YES;
				CLANG_ENABLE_OBJC_WEAK = YES;
				CLANG_WARN_BLOCK_CAPTURE_AUTORELEASING = YES;
				CLANG_WARN_BOOL_CONVERSION = YES;
				CLANG_WARN_COMMA = YES;
				CLANG_WARN_CONSTANT_CONVERSION = YES;
				CLANG_WARN_DEPRECATED_OBJC_IMPLEMENTATIONS = YES;
				CLANG_WARN_DIRECT_OBJC_ISA_USAGE = YES_ERROR;
				CLANG_WARN_DOCUMENTATION_COMMENTS = YES;
				CLANG_WARN_EMPTY_BODY = YES;
				CLANG_WARN_ENUM_CONVERSION = YES;
				CLANG_WARN_INFINITE_RECURSION = YES;
				CLANG_WARN_INT_CONVERSION = YES;
				CLANG_WARN_NON_LITERAL_NULL_CONVERSION = YES;
				CLANG_WARN_OBJC_IMPLICIT_RETAIN_SELF = YES;
				CLANG_WARN_OBJC_LITERAL_CONVERSION = YES;
				CLANG_WARN_OBJC_ROOT_CLASS = YES_ERROR;
				CLANG_WARN_QUOTED_INCLUDE_IN_FRAMEWORK_HEADER = YES;
				CLANG_WARN_RANGE_LOOP_ANALYSIS = YES;
				CLANG_WARN_STRICT_PROTOTYPES = YES;
				CLANG_WARN_SUSPICIOUS_MOVE = YES;
				CLANG_WARN_UNGUARDED_AVAILABILITY = YES_AGGRESSIVE;
				CLANG_WARN_UNREACHABLE_CODE = YES;
				CLANG_WARN__DUPLICATE_METHOD_MATCH = YES;
				COPY_PHASE_STRIP = NO;
				DEBUG_INFORMATION_FORMAT = "dwarf-with-dsym";
				ENABLE_NS_ASSERTIONS = NO;
				ENABLE_STRICT_OBJC_MSGSEND = YES;
				GCC_C_LANGUAGE_STANDARD = gnu11;
				GCC_NO_COMMON_BLOCKS = YES;
				GCC_WARN_64_TO_32_BIT_CONVERSION = YES;
				GCC_WARN_ABOUT_RETURN_TYPE = YES_ERROR;
				GCC_WARN_UNDECLARED_SELECTOR = YES;
				GCC_WARN_UNINITIALIZED_AUTOS = YES_AGGRESSIVE;
				GCC_WARN_UNUSED_FUNCTION = YES;
				GCC_WARN_UNUSED_VARIABLE = YES;
				IPHONEOS_DEPLOYMENT_TARGET = 14.5;
				MTL_ENABLE_DEBUG_INFO = NO;
				MTL_FAST_MATH = YES;
				SDKROOT = iphoneos;
				SWIFT_COMPILATION_MODE = wholemodule;
				SWIFT_OPTIMIZATION_LEVEL = "-O";
				VALIDATE_PRODUCT = YES;
			};
			name = Release;
		};
		817DADCF27CD8190002064E7 /* Debug */ = {
			isa = XCBuildConfiguration;
			buildSettings = {
				ASSETCATALOG_COMPILER_APPICON_NAME = AppIcon;
				ASSETCATALOG_COMPILER_GLOBAL_ACCENT_COLOR_NAME = AccentColor;
				CODE_SIGN_STYLE = Automatic;
				INFOPLIST_FILE = "lab-5/Info.plist";
				LD_RUNPATH_SEARCH_PATHS = (
					"$(inherited)",
					"@executable_path/Frameworks",
				);
				PRODUCT_BUNDLE_IDENTIFIER = "adv-mobile.lab-5";
				PRODUCT_NAME = "$(TARGET_NAME)";
				SWIFT_VERSION = 5.0;
				TARGETED_DEVICE_FAMILY = "1,2";
			};
			name = Debug;
		};
		817DADD027CD8190002064E7 /* Release */ = {
			isa = XCBuildConfiguration;
			buildSettings = {
				ASSETCATALOG_COMPILER_APPICON_NAME = AppIcon;
				ASSETCATALOG_COMPILER_GLOBAL_ACCENT_COLOR_NAME = AccentColor;
				CODE_SIGN_STYLE = Automatic;
				INFOPLIST_FILE = "lab-5/Info.plist";
				LD_RUNPATH_SEARCH_PATHS = (
					"$(inherited)",
					"@executable_path/Frameworks",
				);
				PRODUCT_BUNDLE_IDENTIFIER = "adv-mobile.lab-5";
				PRODUCT_NAME = "$(TARGET_NAME)";
				SWIFT_VERSION = 5.0;
				TARGETED_DEVICE_FAMILY = "1,2";
			};
			name = Release;
		};
/* End XCBuildConfiguration section */

/* Begin XCConfigurationList section */
		817DADB527CD818F002064E7 /* Build configuration list for PBXProject "lab-5" */ = {
			isa = XCConfigurationList;
			buildConfigurations = (
				817DADCC27CD8190002064E7 /* Debug */,
				817DADCD27CD8190002064E7 /* Release */,
			);
			defaultConfigurationIsVisible = 0;
			defaultConfigurationName = Release;
		};
		817DADCE27CD8190002064E7 /* Build configuration list for PBXNativeTarget "lab-5" */ = {
			isa = XCConfigurationList;
			buildConfigurations = (
				817DADCF27CD8190002064E7 /* Debug */,
				817DADD027CD8190002064E7 /* Release */,
			);
			defaultConfigurationIsVisible = 0;
			defaultConfigurationName = Release;
		};
/* End XCConfigurationList section */
	};
	rootObject = 817DADB227CD818F002064E7 /* Project object */;
}
