// !$*UTF8*$!
{
	archiveVersion = 1;
	classes = {
	};
	objectVersion = 55;
	objects = {

/* Begin PBXBuildFile section */
		8135E14F27F4F07C00CDB26A /* dataModel.swift in Sources */ = {isa = PBXBuildFile; fileRef = 8135E14E27F4F07C00CDB26A /* dataModel.swift */; };
		8135E15127F4F0C800CDB26A /* dataHandler.swift in Sources */ = {isa = PBXBuildFile; fileRef = 8135E15027F4F0C800CDB26A /* dataHandler.swift */; };
		81FBE3D727D12A48009D4AC7 /* AppDelegate.swift in Sources */ = {isa = PBXBuildFile; fileRef = 81FBE3D627D12A48009D4AC7 /* AppDelegate.swift */; };
		81FBE3D927D12A48009D4AC7 /* SceneDelegate.swift in Sources */ = {isa = PBXBuildFile; fileRef = 81FBE3D827D12A48009D4AC7 /* SceneDelegate.swift */; };
		81FBE3DE27D12A48009D4AC7 /* Main.storyboard in Resources */ = {isa = PBXBuildFile; fileRef = 81FBE3DC27D12A48009D4AC7 /* Main.storyboard */; };
		81FBE3E027D12A4B009D4AC7 /* Assets.xcassets in Resources */ = {isa = PBXBuildFile; fileRef = 81FBE3DF27D12A4B009D4AC7 /* Assets.xcassets */; };
		81FBE3E327D12A4B009D4AC7 /* LaunchScreen.storyboard in Resources */ = {isa = PBXBuildFile; fileRef = 81FBE3E127D12A4B009D4AC7 /* LaunchScreen.storyboard */; };
		81FBE3EB27D12ABE009D4AC7 /* GoogleService-Info.plist in Resources */ = {isa = PBXBuildFile; fileRef = 81FBE3EA27D12ABE009D4AC7 /* GoogleService-Info.plist */; };
		81FBE3EE27D12CD7009D4AC7 /* FirebaseAuth in Frameworks */ = {isa = PBXBuildFile; productRef = 81FBE3ED27D12CD7009D4AC7 /* FirebaseAuth */; };
		81FBE3F027D12CD7009D4AC7 /* FirebaseFirestore in Frameworks */ = {isa = PBXBuildFile; productRef = 81FBE3EF27D12CD7009D4AC7 /* FirebaseFirestore */; };
		81FBE3F227D12CD7009D4AC7 /* FirebaseFirestoreSwift-Beta in Frameworks */ = {isa = PBXBuildFile; productRef = 81FBE3F127D12CD7009D4AC7 /* FirebaseFirestoreSwift-Beta */; };
		81FBE3F427D132ED009D4AC7 /* MainTableViewController.swift in Sources */ = {isa = PBXBuildFile; fileRef = 81FBE3F327D132ED009D4AC7 /* MainTableViewController.swift */; };
		81FBE3F627D1345E009D4AC7 /* AddItemTableViewController.swift in Sources */ = {isa = PBXBuildFile; fileRef = 81FBE3F527D1345E009D4AC7 /* AddItemTableViewController.swift */; };
/* End PBXBuildFile section */

/* Begin PBXFileReference section */
		8135E14E27F4F07C00CDB26A /* dataModel.swift */ = {isa = PBXFileReference; lastKnownFileType = sourcecode.swift; path = dataModel.swift; sourceTree = "<group>"; };
		8135E15027F4F0C800CDB26A /* dataHandler.swift */ = {isa = PBXFileReference; lastKnownFileType = sourcecode.swift; path = dataHandler.swift; sourceTree = "<group>"; };
		81FBE3D327D12A48009D4AC7 /* firebase-example-app.app */ = {isa = PBXFileReference; explicitFileType = wrapper.application; includeInIndex = 0; path = "firebase-example-app.app"; sourceTree = BUILT_PRODUCTS_DIR; };
		81FBE3D627D12A48009D4AC7 /* AppDelegate.swift */ = {isa = PBXFileReference; lastKnownFileType = sourcecode.swift; path = AppDelegate.swift; sourceTree = "<group>"; };
		81FBE3D827D12A48009D4AC7 /* SceneDelegate.swift */ = {isa = PBXFileReference; lastKnownFileType = sourcecode.swift; path = SceneDelegate.swift; sourceTree = "<group>"; };
		81FBE3DD27D12A48009D4AC7 /* Base */ = {isa = PBXFileReference; lastKnownFileType = file.storyboard; name = Base; path = Base.lproj/Main.storyboard; sourceTree = "<group>"; };
		81FBE3DF27D12A4B009D4AC7 /* Assets.xcassets */ = {isa = PBXFileReference; lastKnownFileType = folder.assetcatalog; path = Assets.xcassets; sourceTree = "<group>"; };
		81FBE3E227D12A4B009D4AC7 /* Base */ = {isa = PBXFileReference; lastKnownFileType = file.storyboard; name = Base; path = Base.lproj/LaunchScreen.storyboard; sourceTree = "<group>"; };
		81FBE3E427D12A4B009D4AC7 /* Info.plist */ = {isa = PBXFileReference; lastKnownFileType = text.plist.xml; path = Info.plist; sourceTree = "<group>"; };
		81FBE3EA27D12ABE009D4AC7 /* GoogleService-Info.plist */ = {isa = PBXFileReference; fileEncoding = 4; lastKnownFileType = text.plist.xml; path = "GoogleService-Info.plist"; sourceTree = "<group>"; };
		81FBE3F327D132ED009D4AC7 /* MainTableViewController.swift */ = {isa = PBXFileReference; lastKnownFileType = sourcecode.swift; path = MainTableViewController.swift; sourceTree = "<group>"; };
		81FBE3F527D1345E009D4AC7 /* AddItemTableViewController.swift */ = {isa = PBXFileReference; lastKnownFileType = sourcecode.swift; path = AddItemTableViewController.swift; sourceTree = "<group>"; };
/* End PBXFileReference section */

/* Begin PBXFrameworksBuildPhase section */
		81FBE3D027D12A48009D4AC7 /* Frameworks */ = {
			isa = PBXFrameworksBuildPhase;
			buildActionMask = 2147483647;
			files = (
				81FBE3F227D12CD7009D4AC7 /* FirebaseFirestoreSwift-Beta in Frameworks */,
				81FBE3EE27D12CD7009D4AC7 /* FirebaseAuth in Frameworks */,
				81FBE3F027D12CD7009D4AC7 /* FirebaseFirestore in Frameworks */,
			);
			runOnlyForDeploymentPostprocessing = 0;
		};
/* End PBXFrameworksBuildPhase section */

/* Begin PBXGroup section */
		81FBE3CA27D12A48009D4AC7 = {
			isa = PBXGroup;
			children = (
				81FBE3D527D12A48009D4AC7 /* firebase-example-app */,
				81FBE3D427D12A48009D4AC7 /* Products */,
			);
			sourceTree = "<group>";
		};
		81FBE3D427D12A48009D4AC7 /* Products */ = {
			isa = PBXGroup;
			children = (
				81FBE3D327D12A48009D4AC7 /* firebase-example-app.app */,
			);
			name = Products;
			sourceTree = "<group>";
		};
		81FBE3D527D12A48009D4AC7 /* firebase-example-app */ = {
			isa = PBXGroup;
			children = (
				81FBE3D627D12A48009D4AC7 /* AppDelegate.swift */,
				81FBE3D827D12A48009D4AC7 /* SceneDelegate.swift */,
				81FBE3DC27D12A48009D4AC7 /* Main.storyboard */,
				81FBE3F527D1345E009D4AC7 /* AddItemTableViewController.swift */,
				8135E14E27F4F07C00CDB26A /* dataModel.swift */,
				8135E15027F4F0C800CDB26A /* dataHandler.swift */,
				81FBE3F327D132ED009D4AC7 /* MainTableViewController.swift */,
				81FBE3DF27D12A4B009D4AC7 /* Assets.xcassets */,
				81FBE3E127D12A4B009D4AC7 /* LaunchScreen.storyboard */,
				81FBE3E427D12A4B009D4AC7 /* Info.plist */,
				81FBE3EA27D12ABE009D4AC7 /* GoogleService-Info.plist */,
			);
			path = "firebase-example-app";
			sourceTree = "<group>";
		};
/* End PBXGroup section */

/* Begin PBXNativeTarget section */
		81FBE3D227D12A48009D4AC7 /* firebase-example-app */ = {
			isa = PBXNativeTarget;
			buildConfigurationList = 81FBE3E727D12A4B009D4AC7 /* Build configuration list for PBXNativeTarget "firebase-example-app" */;
			buildPhases = (
				81FBE3CF27D12A48009D4AC7 /* Sources */,
				81FBE3D027D12A48009D4AC7 /* Frameworks */,
				81FBE3D127D12A48009D4AC7 /* Resources */,
			);
			buildRules = (
			);
			dependencies = (
			);
			name = "firebase-example-app";
			packageProductDependencies = (
				81FBE3ED27D12CD7009D4AC7 /* FirebaseAuth */,
				81FBE3EF27D12CD7009D4AC7 /* FirebaseFirestore */,
				81FBE3F127D12CD7009D4AC7 /* FirebaseFirestoreSwift-Beta */,
			);
			productName = "firebase-example-app";
			productReference = 81FBE3D327D12A48009D4AC7 /* firebase-example-app.app */;
			productType = "com.apple.product-type.application";
		};
/* End PBXNativeTarget section */

/* Begin PBXProject section */
		81FBE3CB27D12A48009D4AC7 /* Project object */ = {
			isa = PBXProject;
			attributes = {
				BuildIndependentTargetsInParallel = 1;
				LastSwiftUpdateCheck = 1320;
				LastUpgradeCheck = 1320;
				TargetAttributes = {
					81FBE3D227D12A48009D4AC7 = {
						CreatedOnToolsVersion = 13.2.1;
					};
				};
			};
			buildConfigurationList = 81FBE3CE27D12A48009D4AC7 /* Build configuration list for PBXProject "firebase-example-app" */;
			compatibilityVersion = "Xcode 13.0";
			developmentRegion = en;
			hasScannedForEncodings = 0;
			knownRegions = (
				en,
				Base,
			);
			mainGroup = 81FBE3CA27D12A48009D4AC7;
			packageReferences = (
				81FBE3EC27D12CD7009D4AC7 /* XCRemoteSwiftPackageReference "firebase-ios-sdk" */,
			);
			productRefGroup = 81FBE3D427D12A48009D4AC7 /* Products */;
			projectDirPath = "";
			projectRoot = "";
			targets = (
				81FBE3D227D12A48009D4AC7 /* firebase-example-app */,
			);
		};
/* End PBXProject section */

/* Begin PBXResourcesBuildPhase section */
		81FBE3D127D12A48009D4AC7 /* Resources */ = {
			isa = PBXResourcesBuildPhase;
			buildActionMask = 2147483647;
			files = (
				81FBE3E327D12A4B009D4AC7 /* LaunchScreen.storyboard in Resources */,
				81FBE3EB27D12ABE009D4AC7 /* GoogleService-Info.plist in Resources */,
				81FBE3E027D12A4B009D4AC7 /* Assets.xcassets in Resources */,
				81FBE3DE27D12A48009D4AC7 /* Main.storyboard in Resources */,
			);
			runOnlyForDeploymentPostprocessing = 0;
		};
/* End PBXResourcesBuildPhase section */

/* Begin PBXSourcesBuildPhase section */
		81FBE3CF27D12A48009D4AC7 /* Sources */ = {
			isa = PBXSourcesBuildPhase;
			buildActionMask = 2147483647;
			files = (
				81FBE3F627D1345E009D4AC7 /* AddItemTableViewController.swift in Sources */,
				81FBE3D727D12A48009D4AC7 /* AppDelegate.swift in Sources */,
				8135E15127F4F0C800CDB26A /* dataHandler.swift in Sources */,
				81FBE3F427D132ED009D4AC7 /* MainTableViewController.swift in Sources */,
				8135E14F27F4F07C00CDB26A /* dataModel.swift in Sources */,
				81FBE3D927D12A48009D4AC7 /* SceneDelegate.swift in Sources */,
			);
			runOnlyForDeploymentPostprocessing = 0;
		};
/* End PBXSourcesBuildPhase section */

/* Begin PBXVariantGroup section */
		81FBE3DC27D12A48009D4AC7 /* Main.storyboard */ = {
			isa = PBXVariantGroup;
			children = (
				81FBE3DD27D12A48009D4AC7 /* Base */,
			);
			name = Main.storyboard;
			sourceTree = "<group>";
		};
		81FBE3E127D12A4B009D4AC7 /* LaunchScreen.storyboard */ = {
			isa = PBXVariantGroup;
			children = (
				81FBE3E227D12A4B009D4AC7 /* Base */,
			);
			name = LaunchScreen.storyboard;
			sourceTree = "<group>";
		};
/* End PBXVariantGroup section */

/* Begin XCBuildConfiguration section */
		81FBE3E527D12A4B009D4AC7 /* Debug */ = {
			isa = XCBuildConfiguration;
			buildSettings = {
				ALWAYS_SEARCH_USER_PATHS = NO;
				CLANG_ANALYZER_NONNULL = YES;
				CLANG_ANALYZER_NUMBER_OBJECT_CONVERSION = YES_AGGRESSIVE;
				CLANG_CXX_LANGUAGE_STANDARD = "gnu++17";
				CLANG_CXX_LIBRARY = "libc++";
				CLANG_ENABLE_MODULES = YES;
				CLANG_ENABLE_OBJC_ARC = YES;
				CLANG_ENABLE_OBJC_WEAK = YES;
				CLANG_WARN_BLOCK_CAPTURE_AUTORELEASING = YES;
				CLANG_WARN_BOOL_CONVERSION = YES;
				CLANG_WARN_COMMA = YES;
				CLANG_WARN_CONSTANT_CONVERSION = YES;
				CLANG_WARN_DEPRECATED_OBJC_IMPLEMENTATIONS = YES;
				CLANG_WARN_DIRECT_OBJC_ISA_USAGE = YES_ERROR;
				CLANG_WARN_DOCUMENTATION_COMMENTS = YES;
				CLANG_WARN_EMPTY_BODY = YES;
				CLANG_WARN_ENUM_CONVERSION = YES;
				CLANG_WARN_INFINITE_RECURSION = YES;
				CLANG_WARN_INT_CONVERSION = YES;
				CLANG_WARN_NON_LITERAL_NULL_CONVERSION = YES;
				CLANG_WARN_OBJC_IMPLICIT_RETAIN_SELF = YES;
				CLANG_WARN_OBJC_LITERAL_CONVERSION = YES;
				CLANG_WARN_OBJC_ROOT_CLASS = YES_ERROR;
				CLANG_WARN_QUOTED_INCLUDE_IN_FRAMEWORK_HEADER = YES;
				CLANG_WARN_RANGE_LOOP_ANALYSIS = YES;
				CLANG_WARN_STRICT_PROTOTYPES = YES;
				CLANG_WARN_SUSPICIOUS_MOVE = YES;
				CLANG_WARN_UNGUARDED_AVAILABILITY = YES_AGGRESSIVE;
				CLANG_WARN_UNREACHABLE_CODE = YES;
				CLANG_WARN__DUPLICATE_METHOD_MATCH = YES;
				COPY_PHASE_STRIP = NO;
				DEBUG_INFORMATION_FORMAT = dwarf;
				ENABLE_STRICT_OBJC_MSGSEND = YES;
				ENABLE_TESTABILITY = YES;
				GCC_C_LANGUAGE_STANDARD = gnu11;
				GCC_DYNAMIC_NO_PIC = NO;
				GCC_NO_COMMON_BLOCKS = YES;
				GCC_OPTIMIZATION_LEVEL = 0;
				GCC_PREPROCESSOR_DEFINITIONS = (
					"DEBUG=1",
					"$(inherited)",
				);
				GCC_WARN_64_TO_32_BIT_CONVERSION = YES;
				GCC_WARN_ABOUT_RETURN_TYPE = YES_ERROR;
				GCC_WARN_UNDECLARED_SELECTOR = YES;
				GCC_WARN_UNINITIALIZED_AUTOS = YES_AGGRESSIVE;
				GCC_WARN_UNUSED_FUNCTION = YES;
				GCC_WARN_UNUSED_VARIABLE = YES;
				IPHONEOS_DEPLOYMENT_TARGET = 15.2;
				MTL_ENABLE_DEBUG_INFO = INCLUDE_SOURCE;
				MTL_FAST_MATH = YES;
				ONLY_ACTIVE_ARCH = YES;
				SDKROOT = iphoneos;
				SWIFT_ACTIVE_COMPILATION_CONDITIONS = DEBUG;
				SWIFT_OPTIMIZATION_LEVEL = "-Onone";
			};
			name = Debug;
		};
		81FBE3E627D12A4B009D4AC7 /* Release */ = {
			isa = XCBuildConfiguration;
			buildSettings = {
				ALWAYS_SEARCH_USER_PATHS = NO;
				CLANG_ANALYZER_NONNULL = YES;
				CLANG_ANALYZER_NUMBER_OBJECT_CONVERSION = YES_AGGRESSIVE;
				CLANG_CXX_LANGUAGE_STANDARD = "gnu++17";
				CLANG_CXX_LIBRARY = "libc++";
				CLANG_ENABLE_MODULES = YES;
				CLANG_ENABLE_OBJC_ARC = YES;
				CLANG_ENABLE_OBJC_WEAK = YES;
				CLANG_WARN_BLOCK_CAPTURE_AUTORELEASING = YES;
				CLANG_WARN_BOOL_CONVERSION = YES;
				CLANG_WARN_COMMA = YES;
				CLANG_WARN_CONSTANT_CONVERSION = YES;
				CLANG_WARN_DEPRECATED_OBJC_IMPLEMENTATIONS = YES;
				CLANG_WARN_DIRECT_OBJC_ISA_USAGE = YES_ERROR;
				CLANG_WARN_DOCUMENTATION_COMMENTS = YES;
				CLANG_WARN_EMPTY_BODY = YES;
				CLANG_WARN_ENUM_CONVERSION = YES;
				CLANG_WARN_INFINITE_RECURSION = YES;
				CLANG_WARN_INT_CONVERSION = YES;
				CLANG_WARN_NON_LITERAL_NULL_CONVERSION = YES;
				CLANG_WARN_OBJC_IMPLICIT_RETAIN_SELF = YES;
				CLANG_WARN_OBJC_LITERAL_CONVERSION = YES;
				CLANG_WARN_OBJC_ROOT_CLASS = YES_ERROR;
				CLANG_WARN_QUOTED_INCLUDE_IN_FRAMEWORK_HEADER = YES;
				CLANG_WARN_RANGE_LOOP_ANALYSIS = YES;
				CLANG_WARN_STRICT_PROTOTYPES = YES;
				CLANG_WARN_SUSPICIOUS_MOVE = YES;
				CLANG_WARN_UNGUARDED_AVAILABILITY = YES_AGGRESSIVE;
				CLANG_WARN_UNREACHABLE_CODE = YES;
				CLANG_WARN__DUPLICATE_METHOD_MATCH = YES;
				COPY_PHASE_STRIP = NO;
				DEBUG_INFORMATION_FORMAT = "dwarf-with-dsym";
				ENABLE_NS_ASSERTIONS = NO;
				ENABLE_STRICT_OBJC_MSGSEND = YES;
				GCC_C_LANGUAGE_STANDARD = gnu11;
				GCC_NO_COMMON_BLOCKS = YES;
				GCC_WARN_64_TO_32_BIT_CONVERSION = YES;
				GCC_WARN_ABOUT_RETURN_TYPE = YES_ERROR;
				GCC_WARN_UNDECLARED_SELECTOR = YES;
				GCC_WARN_UNINITIALIZED_AUTOS = YES_AGGRESSIVE;
				GCC_WARN_UNUSED_FUNCTION = YES;
				GCC_WARN_UNUSED_VARIABLE = YES;
				IPHONEOS_DEPLOYMENT_TARGET = 15.2;
				MTL_ENABLE_DEBUG_INFO = NO;
				MTL_FAST_MATH = YES;
				SDKROOT = iphoneos;
				SWIFT_COMPILATION_MODE = wholemodule;
				SWIFT_OPTIMIZATION_LEVEL = "-O";
				VALIDATE_PRODUCT = YES;
			};
			name = Release;
		};
		81FBE3E827D12A4B009D4AC7 /* Debug */ = {
			isa = XCBuildConfiguration;
			buildSettings = {
				ASSETCATALOG_COMPILER_APPICON_NAME = AppIcon;
				ASSETCATALOG_COMPILER_GLOBAL_ACCENT_COLOR_NAME = AccentColor;
				CODE_SIGN_STYLE = Automatic;
				CURRENT_PROJECT_VERSION = 1;
				GENERATE_INFOPLIST_FILE = YES;
				INFOPLIST_FILE = "firebase-example-app/Info.plist";
				INFOPLIST_KEY_UIApplicationSupportsIndirectInputEvents = YES;
				INFOPLIST_KEY_UILaunchStoryboardName = LaunchScreen;
				INFOPLIST_KEY_UIMainStoryboardFile = Main;
				INFOPLIST_KEY_UISupportedInterfaceOrientations_iPad = "UIInterfaceOrientationPortrait UIInterfaceOrientationPortraitUpsideDown UIInterfaceOrientationLandscapeLeft UIInterfaceOrientationLandscapeRight";
				INFOPLIST_KEY_UISupportedInterfaceOrientations_iPhone = "UIInterfaceOrientationPortrait UIInterfaceOrientationLandscapeLeft UIInterfaceOrientationLandscapeRight";
				LD_RUNPATH_SEARCH_PATHS = (
					"$(inherited)",
					"@executable_path/Frameworks",
				);
				MARKETING_VERSION = 1.0;
				PRODUCT_BUNDLE_IDENTIFIER = "adv-mobile.firebase-example-app";
				PRODUCT_NAME = "$(TARGET_NAME)";
				SWIFT_EMIT_LOC_STRINGS = YES;
				SWIFT_VERSION = 5.0;
				TARGETED_DEVICE_FAMILY = "1,2";
			};
			name = Debug;
		};
		81FBE3E927D12A4B009D4AC7 /* Release */ = {
			isa = XCBuildConfiguration;
			buildSettings = {
				ASSETCATALOG_COMPILER_APPICON_NAME = AppIcon;
				ASSETCATALOG_COMPILER_GLOBAL_ACCENT_COLOR_NAME = AccentColor;
				CODE_SIGN_STYLE = Automatic;
				CURRENT_PROJECT_VERSION = 1;
				GENERATE_INFOPLIST_FILE = YES;
				INFOPLIST_FILE = "firebase-example-app/Info.plist";
				INFOPLIST_KEY_UIApplicationSupportsIndirectInputEvents = YES;
				INFOPLIST_KEY_UILaunchStoryboardName = LaunchScreen;
				INFOPLIST_KEY_UIMainStoryboardFile = Main;
				INFOPLIST_KEY_UISupportedInterfaceOrientations_iPad = "UIInterfaceOrientationPortrait UIInterfaceOrientationPortraitUpsideDown UIInterfaceOrientationLandscapeLeft UIInterfaceOrientationLandscapeRight";
				INFOPLIST_KEY_UISupportedInterfaceOrientations_iPhone = "UIInterfaceOrientationPortrait UIInterfaceOrientationLandscapeLeft UIInterfaceOrientationLandscapeRight";
				LD_RUNPATH_SEARCH_PATHS = (
					"$(inherited)",
					"@executable_path/Frameworks",
				);
				MARKETING_VERSION = 1.0;
				PRODUCT_BUNDLE_IDENTIFIER = "adv-mobile.firebase-example-app";
				PRODUCT_NAME = "$(TARGET_NAME)";
				SWIFT_EMIT_LOC_STRINGS = YES;
				SWIFT_VERSION = 5.0;
				TARGETED_DEVICE_FAMILY = "1,2";
			};
			name = Release;
		};
/* End XCBuildConfiguration section */

/* Begin XCConfigurationList section */
		81FBE3CE27D12A48009D4AC7 /* Build configuration list for PBXProject "firebase-example-app" */ = {
			isa = XCConfigurationList;
			buildConfigurations = (
				81FBE3E527D12A4B009D4AC7 /* Debug */,
				81FBE3E627D12A4B009D4AC7 /* Release */,
			);
			defaultConfigurationIsVisible = 0;
			defaultConfigurationName = Release;
		};
		81FBE3E727D12A4B009D4AC7 /* Build configuration list for PBXNativeTarget "firebase-example-app" */ = {
			isa = XCConfigurationList;
			buildConfigurations = (
				81FBE3E827D12A4B009D4AC7 /* Debug */,
				81FBE3E927D12A4B009D4AC7 /* Release */,
			);
			defaultConfigurationIsVisible = 0;
			defaultConfigurationName = Release;
		};
/* End XCConfigurationList section */

/* Begin XCRemoteSwiftPackageReference section */
		81FBE3EC27D12CD7009D4AC7 /* XCRemoteSwiftPackageReference "firebase-ios-sdk" */ = {
			isa = XCRemoteSwiftPackageReference;
			repositoryURL = "https://github.com/firebase/firebase-ios-sdk";
			requirement = {
				kind = upToNextMajorVersion;
				minimumVersion = 8.0.0;
			};
		};
/* End XCRemoteSwiftPackageReference section */

/* Begin XCSwiftPackageProductDependency section */
		81FBE3ED27D12CD7009D4AC7 /* FirebaseAuth */ = {
			isa = XCSwiftPackageProductDependency;
			package = 81FBE3EC27D12CD7009D4AC7 /* XCRemoteSwiftPackageReference "firebase-ios-sdk" */;
			productName = FirebaseAuth;
		};
		81FBE3EF27D12CD7009D4AC7 /* FirebaseFirestore */ = {
			isa = XCSwiftPackageProductDependency;
			package = 81FBE3EC27D12CD7009D4AC7 /* XCRemoteSwiftPackageReference "firebase-ios-sdk" */;
			productName = FirebaseFirestore;
		};
		81FBE3F127D12CD7009D4AC7 /* FirebaseFirestoreSwift-Beta */ = {
			isa = XCSwiftPackageProductDependency;
			package = 81FBE3EC27D12CD7009D4AC7 /* XCRemoteSwiftPackageReference "firebase-ios-sdk" */;
			productName = "FirebaseFirestoreSwift-Beta";
		};
/* End XCSwiftPackageProductDependency section */
	};
	rootObject = 81FBE3CB27D12A48009D4AC7 /* Project object */;
}
